// !$*UTF8*$!
{
	archiveVersion = 1;
	classes = {
	};
	objectVersion = 50;
	objects = {

/* Begin PBXBuildFile section */
		3A1538E8209911210083EA18 /* Queue.swift in Sources */ = {isa = PBXBuildFile; fileRef = 3A1538E7209911210083EA18 /* Queue.swift */; };
		3A1538EA2099152A0083EA18 /* SongSearchCell.swift in Sources */ = {isa = PBXBuildFile; fileRef = 3A1538E92099152A0083EA18 /* SongSearchCell.swift */; };
		3A1538EC2099154F0083EA18 /* SongSearchViewController.swift in Sources */ = {isa = PBXBuildFile; fileRef = 3A1538EB2099154F0083EA18 /* SongSearchViewController.swift */; };
		3A15A59220A276D5006E24C5 /* Api.swift in Sources */ = {isa = PBXBuildFile; fileRef = 3A15A59120A276D5006E24C5 /* Api.swift */; };
		3A191BD2208E57C500734405 /* LoginViewController.swift in Sources */ = {isa = PBXBuildFile; fileRef = 3A191BD1208E57C500734405 /* LoginViewController.swift */; };
		3A4E31872091668200D5A870 /* PopoverViewController.swift in Sources */ = {isa = PBXBuildFile; fileRef = 3A4E31862091668200D5A870 /* PopoverViewController.swift */; };
		3A581BA72092A3E900E2E872 /* CreateQueueViewController.swift in Sources */ = {isa = PBXBuildFile; fileRef = 3A581BA62092A3E900E2E872 /* CreateQueueViewController.swift */; };
		3A581BA92092A72B00E2E872 /* UserCell.swift in Sources */ = {isa = PBXBuildFile; fileRef = 3A581BA82092A72B00E2E872 /* UserCell.swift */; };
		3A83FE0120A3CF75001C359A /* User.swift in Sources */ = {isa = PBXBuildFile; fileRef = 3A83FE0020A3CF75001C359A /* User.swift */; };
		3A83FE0320A3CF87001C359A /* Song.swift in Sources */ = {isa = PBXBuildFile; fileRef = 3A83FE0220A3CF87001C359A /* Song.swift */; };
		3A83FE0A20A4C742001C359A /* UIViewControllerExtensions.swift in Sources */ = {isa = PBXBuildFile; fileRef = 3A83FE0920A4C742001C359A /* UIViewControllerExtensions.swift */; };
		3A9E2FCB208E54F200A975E7 /* SpotifyLogin.framework in Frameworks */ = {isa = PBXBuildFile; fileRef = 3A9E2FCA208E54F200A975E7 /* SpotifyLogin.framework */; };
		3AA9D6D1208E479F009F24F4 /* AppDelegate.swift in Sources */ = {isa = PBXBuildFile; fileRef = 3AA9D6D0208E479F009F24F4 /* AppDelegate.swift */; };
		3AA9D6D6208E479F009F24F4 /* Main.storyboard in Resources */ = {isa = PBXBuildFile; fileRef = 3AA9D6D4208E479F009F24F4 /* Main.storyboard */; };
		3AA9D6DB208E47A0009F24F4 /* LaunchScreen.storyboard in Resources */ = {isa = PBXBuildFile; fileRef = 3AA9D6D9208E47A0009F24F4 /* LaunchScreen.storyboard */; };
		3AA9D6E6208E47A0009F24F4 /* SeniorProjectTests.swift in Sources */ = {isa = PBXBuildFile; fileRef = 3AA9D6E5208E47A0009F24F4 /* SeniorProjectTests.swift */; };
		3AA9D6F1208E47A0009F24F4 /* SeniorProjectUITests.swift in Sources */ = {isa = PBXBuildFile; fileRef = 3AA9D6F0208E47A0009F24F4 /* SeniorProjectUITests.swift */; };
		3AC1CD3C209BA30A00C2D154 /* JoinQueueCell.swift in Sources */ = {isa = PBXBuildFile; fileRef = 3AC1CD3B209BA30A00C2D154 /* JoinQueueCell.swift */; };
		3AC1CD3E209BA34C00C2D154 /* JoinQueueViewController.swift in Sources */ = {isa = PBXBuildFile; fileRef = 3AC1CD3D209BA34C00C2D154 /* JoinQueueViewController.swift */; };
		3AC4A899208ECAE9006D9B2B /* AllQueuesViewController.swift in Sources */ = {isa = PBXBuildFile; fileRef = 3AC4A898208ECAE9006D9B2B /* AllQueuesViewController.swift */; };
		3AC4A89E208EDC3A006D9B2B /* QueueCell.swift in Sources */ = {isa = PBXBuildFile; fileRef = 3AC4A89D208EDC3A006D9B2B /* QueueCell.swift */; };
		3AC4A8A0208EDCBF006D9B2B /* SongCell.swift in Sources */ = {isa = PBXBuildFile; fileRef = 3AC4A89F208EDCBF006D9B2B /* SongCell.swift */; };
		3ACF780920914DC3000A025C /* QueueViewController.swift in Sources */ = {isa = PBXBuildFile; fileRef = 3ACF780820914DC3000A025C /* QueueViewController.swift */; };
		3AD7B16B20AB81FA00C34E66 /* MiniMusicPlayerView.swift in Sources */ = {isa = PBXBuildFile; fileRef = 3AD7B16A20AB81FA00C34E66 /* MiniMusicPlayerView.swift */; };
		3AD7B16F20AB87EE00C34E66 /* Assets.xcassets in Resources */ = {isa = PBXBuildFile; fileRef = 3AD7B16E20AB84D700C34E66 /* Assets.xcassets */; };
		3AD7B17120AB952D00C34E66 /* MiniMusicPlayerView.xib in Resources */ = {isa = PBXBuildFile; fileRef = 3AD7B17020AB952D00C34E66 /* MiniMusicPlayerView.xib */; };
		3AD7B17320ABAA6900C34E66 /* MusicPlayerViewController.swift in Sources */ = {isa = PBXBuildFile; fileRef = 3AD7B17220ABAA6900C34E66 /* MusicPlayerViewController.swift */; };
		7AB17B78AACDC8812D04CD35 /* Pods_SeniorProject.framework in Frameworks */ = {isa = PBXBuildFile; fileRef = 04A4D48C6E29EC3938AACFB1 /* Pods_SeniorProject.framework */; };
/* End PBXBuildFile section */

/* Begin PBXContainerItemProxy section */
		3AA9D6E2208E47A0009F24F4 /* PBXContainerItemProxy */ = {
			isa = PBXContainerItemProxy;
			containerPortal = 3AA9D6C5208E479F009F24F4 /* Project object */;
			proxyType = 1;
			remoteGlobalIDString = 3AA9D6CC208E479F009F24F4;
			remoteInfo = SeniorProject;
		};
		3AA9D6ED208E47A0009F24F4 /* PBXContainerItemProxy */ = {
			isa = PBXContainerItemProxy;
			containerPortal = 3AA9D6C5208E479F009F24F4 /* Project object */;
			proxyType = 1;
			remoteGlobalIDString = 3AA9D6CC208E479F009F24F4;
			remoteInfo = SeniorProject;
		};
/* End PBXContainerItemProxy section */

/* Begin PBXFileReference section */
		04A4D48C6E29EC3938AACFB1 /* Pods_SeniorProject.framework */ = {isa = PBXFileReference; explicitFileType = wrapper.framework; includeInIndex = 0; path = Pods_SeniorProject.framework; sourceTree = BUILT_PRODUCTS_DIR; };
		3A1538E7209911210083EA18 /* Queue.swift */ = {isa = PBXFileReference; lastKnownFileType = sourcecode.swift; path = Queue.swift; sourceTree = "<group>"; };
		3A1538E92099152A0083EA18 /* SongSearchCell.swift */ = {isa = PBXFileReference; lastKnownFileType = sourcecode.swift; path = SongSearchCell.swift; sourceTree = "<group>"; };
		3A1538EB2099154F0083EA18 /* SongSearchViewController.swift */ = {isa = PBXFileReference; lastKnownFileType = sourcecode.swift; path = SongSearchViewController.swift; sourceTree = "<group>"; };
		3A15A59120A276D5006E24C5 /* Api.swift */ = {isa = PBXFileReference; lastKnownFileType = sourcecode.swift; path = Api.swift; sourceTree = "<group>"; };
		3A18A9B4208E4F9900DE098C /* LICENSE */ = {isa = PBXFileReference; lastKnownFileType = text; path = LICENSE; sourceTree = "<group>"; };
		3A18A9B6208E4F9900DE098C /* SpotifyLogin.h */ = {isa = PBXFileReference; lastKnownFileType = sourcecode.c.h; path = SpotifyLogin.h; sourceTree = "<group>"; };
		3A18A9B8208E4F9900DE098C /* spotifylogo-32.png */ = {isa = PBXFileReference; lastKnownFileType = image.png; path = "spotifylogo-32.png"; sourceTree = "<group>"; };
		3A18A9B9208E4F9900DE098C /* spotifylogo-32@3x.png */ = {isa = PBXFileReference; lastKnownFileType = image.png; path = "spotifylogo-32@3x.png"; sourceTree = "<group>"; };
		3A18A9BA208E4F9900DE098C /* spotifylogo-32@2x.png */ = {isa = PBXFileReference; lastKnownFileType = image.png; path = "spotifylogo-32@2x.png"; sourceTree = "<group>"; };
		3A18A9BB208E4F9900DE098C /* README.md */ = {isa = PBXFileReference; lastKnownFileType = net.daringfireball.markdown; path = README.md; sourceTree = "<group>"; };
		3A18A9BD208E4F9900DE098C /* Scope.swift */ = {isa = PBXFileReference; lastKnownFileType = sourcecode.swift; path = Scope.swift; sourceTree = "<group>"; };
		3A18A9BE208E4F9900DE098C /* SpotifyLoginButton.swift */ = {isa = PBXFileReference; lastKnownFileType = sourcecode.swift; path = SpotifyLoginButton.swift; sourceTree = "<group>"; };
		3A18A9C0208E4F9900DE098C /* Constants.swift */ = {isa = PBXFileReference; lastKnownFileType = sourcecode.swift; path = Constants.swift; sourceTree = "<group>"; };
		3A18A9C1208E4F9900DE098C /* Session.swift */ = {isa = PBXFileReference; lastKnownFileType = sourcecode.swift; path = Session.swift; sourceTree = "<group>"; };
		3A18A9C2208E4F9900DE098C /* SessionLocalStorage.swift */ = {isa = PBXFileReference; lastKnownFileType = sourcecode.swift; path = SessionLocalStorage.swift; sourceTree = "<group>"; };
		3A18A9C3208E4F9900DE098C /* Networking.swift */ = {isa = PBXFileReference; lastKnownFileType = sourcecode.swift; path = Networking.swift; sourceTree = "<group>"; };
		3A18A9C4208E4F9900DE098C /* SafariDelegate.swift */ = {isa = PBXFileReference; lastKnownFileType = sourcecode.swift; path = SafariDelegate.swift; sourceTree = "<group>"; };
		3A18A9C5208E4F9900DE098C /* URLBuilder.swift */ = {isa = PBXFileReference; lastKnownFileType = sourcecode.swift; path = URLBuilder.swift; sourceTree = "<group>"; };
		3A18A9C6208E4F9900DE098C /* SpotifyLogin.swift */ = {isa = PBXFileReference; lastKnownFileType = sourcecode.swift; path = SpotifyLogin.swift; sourceTree = "<group>"; };
		3A18A9C7208E4F9900DE098C /* SpotifyLoginPresenter.swift */ = {isa = PBXFileReference; lastKnownFileType = sourcecode.swift; path = SpotifyLoginPresenter.swift; sourceTree = "<group>"; };
		3A191BD1208E57C500734405 /* LoginViewController.swift */ = {isa = PBXFileReference; lastKnownFileType = sourcecode.swift; path = LoginViewController.swift; sourceTree = "<group>"; };
		3A4E31862091668200D5A870 /* PopoverViewController.swift */ = {isa = PBXFileReference; lastKnownFileType = sourcecode.swift; path = PopoverViewController.swift; sourceTree = "<group>"; };
		3A581BA62092A3E900E2E872 /* CreateQueueViewController.swift */ = {isa = PBXFileReference; lastKnownFileType = sourcecode.swift; path = CreateQueueViewController.swift; sourceTree = "<group>"; };
		3A581BA82092A72B00E2E872 /* UserCell.swift */ = {isa = PBXFileReference; lastKnownFileType = sourcecode.swift; path = UserCell.swift; sourceTree = "<group>"; };
		3A667329208E502F0005940A /* SpotifyLogin.framework */ = {isa = PBXFileReference; explicitFileType = wrapper.framework; path = SpotifyLogin.framework; sourceTree = BUILT_PRODUCTS_DIR; };
		3A83FE0020A3CF75001C359A /* User.swift */ = {isa = PBXFileReference; lastKnownFileType = sourcecode.swift; path = User.swift; sourceTree = "<group>"; };
		3A83FE0220A3CF87001C359A /* Song.swift */ = {isa = PBXFileReference; lastKnownFileType = sourcecode.swift; path = Song.swift; sourceTree = "<group>"; };
		3A83FE0920A4C742001C359A /* UIViewControllerExtensions.swift */ = {isa = PBXFileReference; lastKnownFileType = sourcecode.swift; path = UIViewControllerExtensions.swift; sourceTree = "<group>"; };
		3A9E2FCA208E54F200A975E7 /* SpotifyLogin.framework */ = {isa = PBXFileReference; explicitFileType = wrapper.framework; path = SpotifyLogin.framework; sourceTree = BUILT_PRODUCTS_DIR; };
		3AA9D6CD208E479F009F24F4 /* SeniorProject.app */ = {isa = PBXFileReference; explicitFileType = wrapper.application; includeInIndex = 0; path = SeniorProject.app; sourceTree = BUILT_PRODUCTS_DIR; };
		3AA9D6D0208E479F009F24F4 /* AppDelegate.swift */ = {isa = PBXFileReference; lastKnownFileType = sourcecode.swift; path = AppDelegate.swift; sourceTree = "<group>"; };
		3AA9D6D5208E479F009F24F4 /* Base */ = {isa = PBXFileReference; lastKnownFileType = file.storyboard; name = Base; path = Base.lproj/Main.storyboard; sourceTree = "<group>"; };
		3AA9D6DA208E47A0009F24F4 /* Base */ = {isa = PBXFileReference; lastKnownFileType = file.storyboard; name = Base; path = Base.lproj/LaunchScreen.storyboard; sourceTree = "<group>"; };
		3AA9D6DC208E47A0009F24F4 /* Info.plist */ = {isa = PBXFileReference; lastKnownFileType = text.plist.xml; path = Info.plist; sourceTree = "<group>"; };
		3AA9D6E1208E47A0009F24F4 /* SeniorProjectTests.xctest */ = {isa = PBXFileReference; explicitFileType = wrapper.cfbundle; includeInIndex = 0; path = SeniorProjectTests.xctest; sourceTree = BUILT_PRODUCTS_DIR; };
		3AA9D6E5208E47A0009F24F4 /* SeniorProjectTests.swift */ = {isa = PBXFileReference; lastKnownFileType = sourcecode.swift; path = SeniorProjectTests.swift; sourceTree = "<group>"; };
		3AA9D6E7208E47A0009F24F4 /* Info.plist */ = {isa = PBXFileReference; lastKnownFileType = text.plist.xml; path = Info.plist; sourceTree = "<group>"; };
		3AA9D6EC208E47A0009F24F4 /* SeniorProjectUITests.xctest */ = {isa = PBXFileReference; explicitFileType = wrapper.cfbundle; includeInIndex = 0; path = SeniorProjectUITests.xctest; sourceTree = BUILT_PRODUCTS_DIR; };
		3AA9D6F0208E47A0009F24F4 /* SeniorProjectUITests.swift */ = {isa = PBXFileReference; lastKnownFileType = sourcecode.swift; path = SeniorProjectUITests.swift; sourceTree = "<group>"; };
		3AA9D6F2208E47A0009F24F4 /* Info.plist */ = {isa = PBXFileReference; lastKnownFileType = text.plist.xml; path = Info.plist; sourceTree = "<group>"; };
		3AC1CD3B209BA30A00C2D154 /* JoinQueueCell.swift */ = {isa = PBXFileReference; lastKnownFileType = sourcecode.swift; path = JoinQueueCell.swift; sourceTree = "<group>"; };
		3AC1CD3D209BA34C00C2D154 /* JoinQueueViewController.swift */ = {isa = PBXFileReference; lastKnownFileType = sourcecode.swift; path = JoinQueueViewController.swift; sourceTree = "<group>"; };
		3AC4A898208ECAE9006D9B2B /* AllQueuesViewController.swift */ = {isa = PBXFileReference; lastKnownFileType = sourcecode.swift; path = AllQueuesViewController.swift; sourceTree = "<group>"; };
		3AC4A89D208EDC3A006D9B2B /* QueueCell.swift */ = {isa = PBXFileReference; lastKnownFileType = sourcecode.swift; path = QueueCell.swift; sourceTree = "<group>"; };
		3AC4A89F208EDCBF006D9B2B /* SongCell.swift */ = {isa = PBXFileReference; lastKnownFileType = sourcecode.swift; path = SongCell.swift; sourceTree = "<group>"; };
		3ACF780820914DC3000A025C /* QueueViewController.swift */ = {isa = PBXFileReference; lastKnownFileType = sourcecode.swift; name = QueueViewController.swift; path = ../QueueViewController.swift; sourceTree = "<group>"; };
		3AD7B16A20AB81FA00C34E66 /* MiniMusicPlayerView.swift */ = {isa = PBXFileReference; lastKnownFileType = sourcecode.swift; path = MiniMusicPlayerView.swift; sourceTree = "<group>"; };
		3AD7B16E20AB84D700C34E66 /* Assets.xcassets */ = {isa = PBXFileReference; lastKnownFileType = folder.assetcatalog; name = Assets.xcassets; path = "/Users/patrickcook/Library/Mobile Documents/com~apple~CloudDocs/Programming/Senior Project/iOS/SeniorProject/Assets.xcassets"; sourceTree = "<absolute>"; };
		3AD7B17020AB952D00C34E66 /* MiniMusicPlayerView.xib */ = {isa = PBXFileReference; lastKnownFileType = file.xib; path = MiniMusicPlayerView.xib; sourceTree = "<group>"; };
		3AD7B17220ABAA6900C34E66 /* MusicPlayerViewController.swift */ = {isa = PBXFileReference; lastKnownFileType = sourcecode.swift; path = MusicPlayerViewController.swift; sourceTree = "<group>"; };
		B0719795B4E98A388B401D4B /* Pods-SeniorProject.debug.xcconfig */ = {isa = PBXFileReference; includeInIndex = 1; lastKnownFileType = text.xcconfig; name = "Pods-SeniorProject.debug.xcconfig"; path = "Pods/Target Support Files/Pods-SeniorProject/Pods-SeniorProject.debug.xcconfig"; sourceTree = "<group>"; };
		B6FC3F3586F5EF532343A3FF /* Pods-SeniorProject.release.xcconfig */ = {isa = PBXFileReference; includeInIndex = 1; lastKnownFileType = text.xcconfig; name = "Pods-SeniorProject.release.xcconfig"; path = "Pods/Target Support Files/Pods-SeniorProject/Pods-SeniorProject.release.xcconfig"; sourceTree = "<group>"; };
/* End PBXFileReference section */

/* Begin PBXFrameworksBuildPhase section */
		3AA9D6CA208E479F009F24F4 /* Frameworks */ = {
			isa = PBXFrameworksBuildPhase;
			buildActionMask = 2147483647;
			files = (
				3A9E2FCB208E54F200A975E7 /* SpotifyLogin.framework in Frameworks */,
				7AB17B78AACDC8812D04CD35 /* Pods_SeniorProject.framework in Frameworks */,
			);
			runOnlyForDeploymentPostprocessing = 0;
		};
		3AA9D6DE208E47A0009F24F4 /* Frameworks */ = {
			isa = PBXFrameworksBuildPhase;
			buildActionMask = 2147483647;
			files = (
			);
			runOnlyForDeploymentPostprocessing = 0;
		};
		3AA9D6E9208E47A0009F24F4 /* Frameworks */ = {
			isa = PBXFrameworksBuildPhase;
			buildActionMask = 2147483647;
			files = (
			);
			runOnlyForDeploymentPostprocessing = 0;
		};
/* End PBXFrameworksBuildPhase section */

/* Begin PBXGroup section */
		3A18A9B2208E4F9900DE098C /* Frameworks */ = {
			isa = PBXGroup;
			children = (
				3A9E2FCA208E54F200A975E7 /* SpotifyLogin.framework */,
				3A667329208E502F0005940A /* SpotifyLogin.framework */,
				3A18A9B3208E4F9900DE098C /* SpotifyLogin */,
				04A4D48C6E29EC3938AACFB1 /* Pods_SeniorProject.framework */,
			);
			name = Frameworks;
			sourceTree = "<group>";
		};
		3A18A9B3208E4F9900DE098C /* SpotifyLogin */ = {
			isa = PBXGroup;
			children = (
				3A18A9B4208E4F9900DE098C /* LICENSE */,
				3A18A9B5208E4F9900DE098C /* SpotifyLogin */,
				3A18A9BB208E4F9900DE098C /* README.md */,
				3A18A9BC208E4F9900DE098C /* Sources */,
			);
			name = SpotifyLogin;
			path = Pods/SpotifyLogin;
			sourceTree = "<group>";
		};
		3A18A9B5208E4F9900DE098C /* SpotifyLogin */ = {
			isa = PBXGroup;
			children = (
				3A18A9B6208E4F9900DE098C /* SpotifyLogin.h */,
				3A18A9B7208E4F9900DE098C /* Resources */,
			);
			path = SpotifyLogin;
			sourceTree = "<group>";
		};
		3A18A9B7208E4F9900DE098C /* Resources */ = {
			isa = PBXGroup;
			children = (
				3A18A9B8208E4F9900DE098C /* spotifylogo-32.png */,
				3A18A9B9208E4F9900DE098C /* spotifylogo-32@3x.png */,
				3A18A9BA208E4F9900DE098C /* spotifylogo-32@2x.png */,
			);
			path = Resources;
			sourceTree = "<group>";
		};
		3A18A9BC208E4F9900DE098C /* Sources */ = {
			isa = PBXGroup;
			children = (
				3A18A9BD208E4F9900DE098C /* Scope.swift */,
				3A18A9BE208E4F9900DE098C /* SpotifyLoginButton.swift */,
				3A18A9BF208E4F9900DE098C /* Internal */,
				3A18A9C6208E4F9900DE098C /* SpotifyLogin.swift */,
				3A18A9C7208E4F9900DE098C /* SpotifyLoginPresenter.swift */,
			);
			path = Sources;
			sourceTree = "<group>";
		};
		3A18A9BF208E4F9900DE098C /* Internal */ = {
			isa = PBXGroup;
			children = (
				3A18A9C0208E4F9900DE098C /* Constants.swift */,
				3A18A9C1208E4F9900DE098C /* Session.swift */,
				3A18A9C2208E4F9900DE098C /* SessionLocalStorage.swift */,
				3A18A9C3208E4F9900DE098C /* Networking.swift */,
				3A18A9C4208E4F9900DE098C /* SafariDelegate.swift */,
				3A18A9C5208E4F9900DE098C /* URLBuilder.swift */,
			);
			path = Internal;
			sourceTree = "<group>";
		};
		3AA9D6C4208E479F009F24F4 = {
			isa = PBXGroup;
			children = (
				3AA9D6CF208E479F009F24F4 /* SeniorProject */,
				3AA9D6E4208E47A0009F24F4 /* SeniorProjectTests */,
				3AA9D6EF208E47A0009F24F4 /* SeniorProjectUITests */,
				3AA9D6CE208E479F009F24F4 /* Products */,
				3A18A9B2208E4F9900DE098C /* Frameworks */,
				6AFA2A0757229A85F1A4C2EF /* Pods */,
			);
			sourceTree = "<group>";
		};
		3AA9D6CE208E479F009F24F4 /* Products */ = {
			isa = PBXGroup;
			children = (
				3AA9D6CD208E479F009F24F4 /* SeniorProject.app */,
				3AA9D6E1208E47A0009F24F4 /* SeniorProjectTests.xctest */,
				3AA9D6EC208E47A0009F24F4 /* SeniorProjectUITests.xctest */,
			);
			name = Products;
			sourceTree = "<group>";
		};
		3AA9D6CF208E479F009F24F4 /* SeniorProject */ = {
			isa = PBXGroup;
			children = (
				3AC1CD3F209BAC6700C2D154 /* CustomViews */,
				3AC4A89C208EDC10006D9B2B /* Cells */,
				3AC4A89B208EDC0D006D9B2B /* Models */,
				3AC4A89A208EDC05006D9B2B /* Views */,
				3AA9D6D0208E479F009F24F4 /* AppDelegate.swift */,
				3A15A59120A276D5006E24C5 /* Api.swift */,
				3AD7B16E20AB84D700C34E66 /* Assets.xcassets */,
				3AA9D6D4208E479F009F24F4 /* Main.storyboard */,
				3AA9D6D9208E47A0009F24F4 /* LaunchScreen.storyboard */,
				3AA9D6DC208E47A0009F24F4 /* Info.plist */,
			);
			path = SeniorProject;
			sourceTree = "<group>";
		};
		3AA9D6E4208E47A0009F24F4 /* SeniorProjectTests */ = {
			isa = PBXGroup;
			children = (
				3AA9D6E5208E47A0009F24F4 /* SeniorProjectTests.swift */,
				3AA9D6E7208E47A0009F24F4 /* Info.plist */,
			);
			path = SeniorProjectTests;
			sourceTree = "<group>";
		};
		3AA9D6EF208E47A0009F24F4 /* SeniorProjectUITests */ = {
			isa = PBXGroup;
			children = (
				3AA9D6F0208E47A0009F24F4 /* SeniorProjectUITests.swift */,
				3AA9D6F2208E47A0009F24F4 /* Info.plist */,
			);
			path = SeniorProjectUITests;
			sourceTree = "<group>";
		};
		3AC1CD3F209BAC6700C2D154 /* CustomViews */ = {
			isa = PBXGroup;
			children = (
				3A4E31862091668200D5A870 /* PopoverViewController.swift */,
				3AD7B17020AB952D00C34E66 /* MiniMusicPlayerView.xib */,
				3AD7B16A20AB81FA00C34E66 /* MiniMusicPlayerView.swift */,
			);
			path = CustomViews;
			sourceTree = "<group>";
		};
		3AC4A89A208EDC05006D9B2B /* Views */ = {
			isa = PBXGroup;
			children = (
				3A83FE0920A4C742001C359A /* UIViewControllerExtensions.swift */,
				3A191BD1208E57C500734405 /* LoginViewController.swift */,
				3AC4A898208ECAE9006D9B2B /* AllQueuesViewController.swift */,
				3ACF780820914DC3000A025C /* QueueViewController.swift */,
				3A1538EB2099154F0083EA18 /* SongSearchViewController.swift */,
				3A581BA62092A3E900E2E872 /* CreateQueueViewController.swift */,
				3AC1CD3D209BA34C00C2D154 /* JoinQueueViewController.swift */,
				3AD7B17220ABAA6900C34E66 /* MusicPlayerViewController.swift */,
			);
			path = Views;
			sourceTree = "<group>";
		};
		3AC4A89B208EDC0D006D9B2B /* Models */ = {
			isa = PBXGroup;
			children = (
				3A83FE0020A3CF75001C359A /* User.swift */,
				3A1538E7209911210083EA18 /* Queue.swift */,
				3A83FE0220A3CF87001C359A /* Song.swift */,
			);
			name = Models;
			path = SeniorProject/Models;
			sourceTree = SOURCE_ROOT;
		};
		3AC4A89C208EDC10006D9B2B /* Cells */ = {
			isa = PBXGroup;
			children = (
				3A1538E92099152A0083EA18 /* SongSearchCell.swift */,
				3AC1CD3B209BA30A00C2D154 /* JoinQueueCell.swift */,
				3AC4A89D208EDC3A006D9B2B /* QueueCell.swift */,
				3A581BA82092A72B00E2E872 /* UserCell.swift */,
				3AC4A89F208EDCBF006D9B2B /* SongCell.swift */,
			);
			path = Cells;
			sourceTree = "<group>";
		};
		6AFA2A0757229A85F1A4C2EF /* Pods */ = {
			isa = PBXGroup;
			children = (
				B0719795B4E98A388B401D4B /* Pods-SeniorProject.debug.xcconfig */,
				B6FC3F3586F5EF532343A3FF /* Pods-SeniorProject.release.xcconfig */,
			);
			name = Pods;
			sourceTree = "<group>";
		};
/* End PBXGroup section */

/* Begin PBXNativeTarget section */
		3AA9D6CC208E479F009F24F4 /* SeniorProject */ = {
			isa = PBXNativeTarget;
			buildConfigurationList = 3AA9D6F5208E47A0009F24F4 /* Build configuration list for PBXNativeTarget "SeniorProject" */;
			buildPhases = (
				9F35AA27EDE90548EA7EF548 /* [CP] Check Pods Manifest.lock */,
				3AA9D6C9208E479F009F24F4 /* Sources */,
				3AA9D6CA208E479F009F24F4 /* Frameworks */,
				3AA9D6CB208E479F009F24F4 /* Resources */,
				B244F1A57021717D59E2EADF /* [CP] Embed Pods Frameworks */,
			);
			buildRules = (
			);
			dependencies = (
			);
			name = SeniorProject;
			productName = SeniorProject;
			productReference = 3AA9D6CD208E479F009F24F4 /* SeniorProject.app */;
			productType = "com.apple.product-type.application";
		};
		3AA9D6E0208E47A0009F24F4 /* SeniorProjectTests */ = {
			isa = PBXNativeTarget;
			buildConfigurationList = 3AA9D6F8208E47A0009F24F4 /* Build configuration list for PBXNativeTarget "SeniorProjectTests" */;
			buildPhases = (
				3AA9D6DD208E47A0009F24F4 /* Sources */,
				3AA9D6DE208E47A0009F24F4 /* Frameworks */,
				3AA9D6DF208E47A0009F24F4 /* Resources */,
			);
			buildRules = (
			);
			dependencies = (
				3AA9D6E3208E47A0009F24F4 /* PBXTargetDependency */,
			);
			name = SeniorProjectTests;
			productName = SeniorProjectTests;
			productReference = 3AA9D6E1208E47A0009F24F4 /* SeniorProjectTests.xctest */;
			productType = "com.apple.product-type.bundle.unit-test";
		};
		3AA9D6EB208E47A0009F24F4 /* SeniorProjectUITests */ = {
			isa = PBXNativeTarget;
			buildConfigurationList = 3AA9D6FB208E47A0009F24F4 /* Build configuration list for PBXNativeTarget "SeniorProjectUITests" */;
			buildPhases = (
				3AA9D6E8208E47A0009F24F4 /* Sources */,
				3AA9D6E9208E47A0009F24F4 /* Frameworks */,
				3AA9D6EA208E47A0009F24F4 /* Resources */,
			);
			buildRules = (
			);
			dependencies = (
				3AA9D6EE208E47A0009F24F4 /* PBXTargetDependency */,
			);
			name = SeniorProjectUITests;
			productName = SeniorProjectUITests;
			productReference = 3AA9D6EC208E47A0009F24F4 /* SeniorProjectUITests.xctest */;
			productType = "com.apple.product-type.bundle.ui-testing";
		};
/* End PBXNativeTarget section */

/* Begin PBXProject section */
		3AA9D6C5208E479F009F24F4 /* Project object */ = {
			isa = PBXProject;
			attributes = {
				LastSwiftUpdateCheck = 0930;
				LastUpgradeCheck = 0930;
				ORGANIZATIONNAME = "Patrick Cook";
				TargetAttributes = {
					3AA9D6CC208E479F009F24F4 = {
						CreatedOnToolsVersion = 9.3;
					};
					3AA9D6E0208E47A0009F24F4 = {
						CreatedOnToolsVersion = 9.3;
						TestTargetID = 3AA9D6CC208E479F009F24F4;
					};
					3AA9D6EB208E47A0009F24F4 = {
						CreatedOnToolsVersion = 9.3;
						TestTargetID = 3AA9D6CC208E479F009F24F4;
					};
				};
			};
			buildConfigurationList = 3AA9D6C8208E479F009F24F4 /* Build configuration list for PBXProject "SeniorProject" */;
			compatibilityVersion = "Xcode 9.3";
			developmentRegion = en;
			hasScannedForEncodings = 0;
			knownRegions = (
				en,
				Base,
			);
			mainGroup = 3AA9D6C4208E479F009F24F4;
			productRefGroup = 3AA9D6CE208E479F009F24F4 /* Products */;
			projectDirPath = "";
			projectRoot = "";
			targets = (
				3AA9D6CC208E479F009F24F4 /* SeniorProject */,
				3AA9D6E0208E47A0009F24F4 /* SeniorProjectTests */,
				3AA9D6EB208E47A0009F24F4 /* SeniorProjectUITests */,
			);
		};
/* End PBXProject section */

/* Begin PBXResourcesBuildPhase section */
		3AA9D6CB208E479F009F24F4 /* Resources */ = {
			isa = PBXResourcesBuildPhase;
			buildActionMask = 2147483647;
			files = (
				3AA9D6DB208E47A0009F24F4 /* LaunchScreen.storyboard in Resources */,
				3AD7B17120AB952D00C34E66 /* MiniMusicPlayerView.xib in Resources */,
				3AD7B16F20AB87EE00C34E66 /* Assets.xcassets in Resources */,
				3AA9D6D6208E479F009F24F4 /* Main.storyboard in Resources */,
			);
			runOnlyForDeploymentPostprocessing = 0;
		};
		3AA9D6DF208E47A0009F24F4 /* Resources */ = {
			isa = PBXResourcesBuildPhase;
			buildActionMask = 2147483647;
			files = (
			);
			runOnlyForDeploymentPostprocessing = 0;
		};
		3AA9D6EA208E47A0009F24F4 /* Resources */ = {
			isa = PBXResourcesBuildPhase;
			buildActionMask = 2147483647;
			files = (
			);
			runOnlyForDeploymentPostprocessing = 0;
		};
/* End PBXResourcesBuildPhase section */

/* Begin PBXShellScriptBuildPhase section */
		9F35AA27EDE90548EA7EF548 /* [CP] Check Pods Manifest.lock */ = {
			isa = PBXShellScriptBuildPhase;
			buildActionMask = 2147483647;
			files = (
			);
			inputPaths = (
				"${PODS_PODFILE_DIR_PATH}/Podfile.lock",
				"${PODS_ROOT}/Manifest.lock",
			);
			name = "[CP] Check Pods Manifest.lock";
			outputPaths = (
				"$(DERIVED_FILE_DIR)/Pods-SeniorProject-checkManifestLockResult.txt",
			);
			runOnlyForDeploymentPostprocessing = 0;
			shellPath = /bin/sh;
			shellScript = "diff \"${PODS_PODFILE_DIR_PATH}/Podfile.lock\" \"${PODS_ROOT}/Manifest.lock\" > /dev/null\nif [ $? != 0 ] ; then\n    # print error to STDERR\n    echo \"error: The sandbox is not in sync with the Podfile.lock. Run 'pod install' or update your CocoaPods installation.\" >&2\n    exit 1\nfi\n# This output is used by Xcode 'outputs' to avoid re-running this script phase.\necho \"SUCCESS\" > \"${SCRIPT_OUTPUT_FILE_0}\"\n";
			showEnvVarsInLog = 0;
		};
		B244F1A57021717D59E2EADF /* [CP] Embed Pods Frameworks */ = {
			isa = PBXShellScriptBuildPhase;
			buildActionMask = 2147483647;
			files = (
			);
			inputPaths = (
				"${SRCROOT}/Pods/Target Support Files/Pods-SeniorProject/Pods-SeniorProject-frameworks.sh",
				"${BUILT_PRODUCTS_DIR}/Alamofire/Alamofire.framework",
				"${BUILT_PRODUCTS_DIR}/DynamicBlurView/DynamicBlurView.framework",
				"${BUILT_PRODUCTS_DIR}/PromiseKit/PromiseKit.framework",
				"${BUILT_PRODUCTS_DIR}/SpotifyLogin/SpotifyLogin.framework",
				"${BUILT_PRODUCTS_DIR}/SwiftyJSON/SwiftyJSON.framework",
			);
			name = "[CP] Embed Pods Frameworks";
			outputPaths = (
				"${TARGET_BUILD_DIR}/${FRAMEWORKS_FOLDER_PATH}/Alamofire.framework",
				"${TARGET_BUILD_DIR}/${FRAMEWORKS_FOLDER_PATH}/DynamicBlurView.framework",
				"${TARGET_BUILD_DIR}/${FRAMEWORKS_FOLDER_PATH}/PromiseKit.framework",
				"${TARGET_BUILD_DIR}/${FRAMEWORKS_FOLDER_PATH}/SpotifyLogin.framework",
				"${TARGET_BUILD_DIR}/${FRAMEWORKS_FOLDER_PATH}/SwiftyJSON.framework",
			);
			runOnlyForDeploymentPostprocessing = 0;
			shellPath = /bin/sh;
			shellScript = "\"${SRCROOT}/Pods/Target Support Files/Pods-SeniorProject/Pods-SeniorProject-frameworks.sh\"\n";
			showEnvVarsInLog = 0;
		};
/* End PBXShellScriptBuildPhase section */

/* Begin PBXSourcesBuildPhase section */
		3AA9D6C9208E479F009F24F4 /* Sources */ = {
			isa = PBXSourcesBuildPhase;
			buildActionMask = 2147483647;
			files = (
				3AC1CD3E209BA34C00C2D154 /* JoinQueueViewController.swift in Sources */,
				3AC4A899208ECAE9006D9B2B /* AllQueuesViewController.swift in Sources */,
				3ACF780920914DC3000A025C /* QueueViewController.swift in Sources */,
				3A15A59220A276D5006E24C5 /* Api.swift in Sources */,
				3A581BA72092A3E900E2E872 /* CreateQueueViewController.swift in Sources */,
				3A4E31872091668200D5A870 /* PopoverViewController.swift in Sources */,
				3AD7B16B20AB81FA00C34E66 /* MiniMusicPlayerView.swift in Sources */,
				3AD7B17320ABAA6900C34E66 /* MusicPlayerViewController.swift in Sources */,
				3A83FE0A20A4C742001C359A /* UIViewControllerExtensions.swift in Sources */,
				3A83FE0320A3CF87001C359A /* Song.swift in Sources */,
				3A191BD2208E57C500734405 /* LoginViewController.swift in Sources */,
				3A1538EC2099154F0083EA18 /* SongSearchViewController.swift in Sources */,
				3A83FE0120A3CF75001C359A /* User.swift in Sources */,
				3A581BA92092A72B00E2E872 /* UserCell.swift in Sources */,
				3AC4A89E208EDC3A006D9B2B /* QueueCell.swift in Sources */,
				3AC4A8A0208EDCBF006D9B2B /* SongCell.swift in Sources */,
				3AC1CD3C209BA30A00C2D154 /* JoinQueueCell.swift in Sources */,
				3AA9D6D1208E479F009F24F4 /* AppDelegate.swift in Sources */,
				3A1538EA2099152A0083EA18 /* SongSearchCell.swift in Sources */,
				3A1538E8209911210083EA18 /* Queue.swift in Sources */,
			);
			runOnlyForDeploymentPostprocessing = 0;
		};
		3AA9D6DD208E47A0009F24F4 /* Sources */ = {
			isa = PBXSourcesBuildPhase;
			buildActionMask = 2147483647;
			files = (
				3AA9D6E6208E47A0009F24F4 /* SeniorProjectTests.swift in Sources */,
			);
			runOnlyForDeploymentPostprocessing = 0;
		};
		3AA9D6E8208E47A0009F24F4 /* Sources */ = {
			isa = PBXSourcesBuildPhase;
			buildActionMask = 2147483647;
			files = (
				3AA9D6F1208E47A0009F24F4 /* SeniorProjectUITests.swift in Sources */,
			);
			runOnlyForDeploymentPostprocessing = 0;
		};
/* End PBXSourcesBuildPhase section */

/* Begin PBXTargetDependency section */
		3AA9D6E3208E47A0009F24F4 /* PBXTargetDependency */ = {
			isa = PBXTargetDependency;
			target = 3AA9D6CC208E479F009F24F4 /* SeniorProject */;
			targetProxy = 3AA9D6E2208E47A0009F24F4 /* PBXContainerItemProxy */;
		};
		3AA9D6EE208E47A0009F24F4 /* PBXTargetDependency */ = {
			isa = PBXTargetDependency;
			target = 3AA9D6CC208E479F009F24F4 /* SeniorProject */;
			targetProxy = 3AA9D6ED208E47A0009F24F4 /* PBXContainerItemProxy */;
		};
/* End PBXTargetDependency section */

/* Begin PBXVariantGroup section */
		3AA9D6D4208E479F009F24F4 /* Main.storyboard */ = {
			isa = PBXVariantGroup;
			children = (
				3AA9D6D5208E479F009F24F4 /* Base */,
			);
			name = Main.storyboard;
			sourceTree = "<group>";
		};
		3AA9D6D9208E47A0009F24F4 /* LaunchScreen.storyboard */ = {
			isa = PBXVariantGroup;
			children = (
				3AA9D6DA208E47A0009F24F4 /* Base */,
			);
			name = LaunchScreen.storyboard;
			sourceTree = "<group>";
		};
/* End PBXVariantGroup section */

/* Begin XCBuildConfiguration section */
		3AA9D6F3208E47A0009F24F4 /* Debug */ = {
			isa = XCBuildConfiguration;
			buildSettings = {
				ALWAYS_SEARCH_USER_PATHS = NO;
				CLANG_ANALYZER_NONNULL = YES;
				CLANG_ANALYZER_NUMBER_OBJECT_CONVERSION = YES_AGGRESSIVE;
				CLANG_CXX_LANGUAGE_STANDARD = "gnu++14";
				CLANG_CXX_LIBRARY = "libc++";
				CLANG_ENABLE_MODULES = YES;
				CLANG_ENABLE_OBJC_ARC = YES;
				CLANG_ENABLE_OBJC_WEAK = YES;
				CLANG_WARN_BLOCK_CAPTURE_AUTORELEASING = YES;
				CLANG_WARN_BOOL_CONVERSION = YES;
				CLANG_WARN_COMMA = YES;
				CLANG_WARN_CONSTANT_CONVERSION = YES;
				CLANG_WARN_DEPRECATED_OBJC_IMPLEMENTATIONS = YES;
				CLANG_WARN_DIRECT_OBJC_ISA_USAGE = YES_ERROR;
				CLANG_WARN_DOCUMENTATION_COMMENTS = YES;
				CLANG_WARN_EMPTY_BODY = YES;
				CLANG_WARN_ENUM_CONVERSION = YES;
				CLANG_WARN_INFINITE_RECURSION = YES;
				CLANG_WARN_INT_CONVERSION = YES;
				CLANG_WARN_NON_LITERAL_NULL_CONVERSION = YES;
				CLANG_WARN_OBJC_IMPLICIT_RETAIN_SELF = YES;
				CLANG_WARN_OBJC_LITERAL_CONVERSION = YES;
				CLANG_WARN_OBJC_ROOT_CLASS = YES_ERROR;
				CLANG_WARN_RANGE_LOOP_ANALYSIS = YES;
				CLANG_WARN_STRICT_PROTOTYPES = YES;
				CLANG_WARN_SUSPICIOUS_MOVE = YES;
				CLANG_WARN_UNGUARDED_AVAILABILITY = YES_AGGRESSIVE;
				CLANG_WARN_UNREACHABLE_CODE = YES;
				CLANG_WARN__DUPLICATE_METHOD_MATCH = YES;
				CODE_SIGN_IDENTITY = "iPhone Developer";
				COPY_PHASE_STRIP = NO;
				DEBUG_INFORMATION_FORMAT = dwarf;
				ENABLE_STRICT_OBJC_MSGSEND = YES;
				ENABLE_TESTABILITY = YES;
				FRAMEWORK_SEARCH_PATHS = "$(SRCROOT)/**";
				GCC_C_LANGUAGE_STANDARD = gnu11;
				GCC_DYNAMIC_NO_PIC = NO;
				GCC_NO_COMMON_BLOCKS = YES;
				GCC_OPTIMIZATION_LEVEL = 0;
				GCC_PREPROCESSOR_DEFINITIONS = (
					"DEBUG=1",
					"$(inherited)",
				);
				GCC_WARN_64_TO_32_BIT_CONVERSION = YES;
				GCC_WARN_ABOUT_RETURN_TYPE = YES_ERROR;
				GCC_WARN_UNDECLARED_SELECTOR = YES;
				GCC_WARN_UNINITIALIZED_AUTOS = YES_AGGRESSIVE;
				GCC_WARN_UNUSED_FUNCTION = YES;
				GCC_WARN_UNUSED_VARIABLE = YES;
				IPHONEOS_DEPLOYMENT_TARGET = 11.3;
				MTL_ENABLE_DEBUG_INFO = YES;
				ONLY_ACTIVE_ARCH = YES;
				SDKROOT = iphoneos;
				SWIFT_ACTIVE_COMPILATION_CONDITIONS = DEBUG;
				SWIFT_OPTIMIZATION_LEVEL = "-Onone";
			};
			name = Debug;
		};
		3AA9D6F4208E47A0009F24F4 /* Release */ = {
			isa = XCBuildConfiguration;
			buildSettings = {
				ALWAYS_SEARCH_USER_PATHS = NO;
				CLANG_ANALYZER_NONNULL = YES;
				CLANG_ANALYZER_NUMBER_OBJECT_CONVERSION = YES_AGGRESSIVE;
				CLANG_CXX_LANGUAGE_STANDARD = "gnu++14";
				CLANG_CXX_LIBRARY = "libc++";
				CLANG_ENABLE_MODULES = YES;
				CLANG_ENABLE_OBJC_ARC = YES;
				CLANG_ENABLE_OBJC_WEAK = YES;
				CLANG_WARN_BLOCK_CAPTURE_AUTORELEASING = YES;
				CLANG_WARN_BOOL_CONVERSION = YES;
				CLANG_WARN_COMMA = YES;
				CLANG_WARN_CONSTANT_CONVERSION = YES;
				CLANG_WARN_DEPRECATED_OBJC_IMPLEMENTATIONS = YES;
				CLANG_WARN_DIRECT_OBJC_ISA_USAGE = YES_ERROR;
				CLANG_WARN_DOCUMENTATION_COMMENTS = YES;
				CLANG_WARN_EMPTY_BODY = YES;
				CLANG_WARN_ENUM_CONVERSION = YES;
				CLANG_WARN_INFINITE_RECURSION = YES;
				CLANG_WARN_INT_CONVERSION = YES;
				CLANG_WARN_NON_LITERAL_NULL_CONVERSION = YES;
				CLANG_WARN_OBJC_IMPLICIT_RETAIN_SELF = YES;
				CLANG_WARN_OBJC_LITERAL_CONVERSION = YES;
				CLANG_WARN_OBJC_ROOT_CLASS = YES_ERROR;
				CLANG_WARN_RANGE_LOOP_ANALYSIS = YES;
				CLANG_WARN_STRICT_PROTOTYPES = YES;
				CLANG_WARN_SUSPICIOUS_MOVE = YES;
				CLANG_WARN_UNGUARDED_AVAILABILITY = YES_AGGRESSIVE;
				CLANG_WARN_UNREACHABLE_CODE = YES;
				CLANG_WARN__DUPLICATE_METHOD_MATCH = YES;
				CODE_SIGN_IDENTITY = "iPhone Developer";
				COPY_PHASE_STRIP = NO;
				DEBUG_INFORMATION_FORMAT = "dwarf-with-dsym";
				ENABLE_NS_ASSERTIONS = NO;
				ENABLE_STRICT_OBJC_MSGSEND = YES;
				FRAMEWORK_SEARCH_PATHS = "$(SRCROOT)/**";
				GCC_C_LANGUAGE_STANDARD = gnu11;
				GCC_NO_COMMON_BLOCKS = YES;
				GCC_WARN_64_TO_32_BIT_CONVERSION = YES;
				GCC_WARN_ABOUT_RETURN_TYPE = YES_ERROR;
				GCC_WARN_UNDECLARED_SELECTOR = YES;
				GCC_WARN_UNINITIALIZED_AUTOS = YES_AGGRESSIVE;
				GCC_WARN_UNUSED_FUNCTION = YES;
				GCC_WARN_UNUSED_VARIABLE = YES;
				IPHONEOS_DEPLOYMENT_TARGET = 11.3;
				MTL_ENABLE_DEBUG_INFO = NO;
				SDKROOT = iphoneos;
				SWIFT_COMPILATION_MODE = wholemodule;
				SWIFT_OPTIMIZATION_LEVEL = "-O";
				VALIDATE_PRODUCT = YES;
			};
			name = Release;
		};
		3AA9D6F6208E47A0009F24F4 /* Debug */ = {
			isa = XCBuildConfiguration;
			baseConfigurationReference = B0719795B4E98A388B401D4B /* Pods-SeniorProject.debug.xcconfig */;
			buildSettings = {
				ASSETCATALOG_COMPILER_APPICON_NAME = AppIcon;
				CODE_SIGN_IDENTITY = "iPhone Developer";
				CODE_SIGN_STYLE = Automatic;
				DEVELOPMENT_TEAM = JFPTT2HRK6;
				FRAMEWORK_SEARCH_PATHS = "$(inherited)";
				INFOPLIST_FILE = SeniorProject/Info.plist;
				IPHONEOS_DEPLOYMENT_TARGET = 11.3;
				LD_RUNPATH_SEARCH_PATHS = (
					"$(inherited)",
					"@executable_path/Frameworks",
				);
				PRODUCT_BUNDLE_IDENTIFIER = com.pcook.SeniorProject;
				PRODUCT_NAME = "$(TARGET_NAME)";
				PROVISIONING_PROFILE_SPECIFIER = "";
				SWIFT_VERSION = 4.0;
				TARGETED_DEVICE_FAMILY = "1,2";
			};
			name = Debug;
		};
		3AA9D6F7208E47A0009F24F4 /* Release */ = {
			isa = XCBuildConfiguration;
			baseConfigurationReference = B6FC3F3586F5EF532343A3FF /* Pods-SeniorProject.release.xcconfig */;
			buildSettings = {
				ASSETCATALOG_COMPILER_APPICON_NAME = AppIcon;
				CODE_SIGN_IDENTITY = "iPhone Developer";
				CODE_SIGN_STYLE = Automatic;
				DEVELOPMENT_TEAM = JFPTT2HRK6;
				FRAMEWORK_SEARCH_PATHS = "$(inherited)";
				INFOPLIST_FILE = SeniorProject/Info.plist;
				IPHONEOS_DEPLOYMENT_TARGET = 11.3;
				LD_RUNPATH_SEARCH_PATHS = (
					"$(inherited)",
					"@executable_path/Frameworks",
				);
				PRODUCT_BUNDLE_IDENTIFIER = com.pcook.SeniorProject;
				PRODUCT_NAME = "$(TARGET_NAME)";
				PROVISIONING_PROFILE_SPECIFIER = "";
				SWIFT_VERSION = 4.0;
				TARGETED_DEVICE_FAMILY = "1,2";
			};
			name = Release;
		};
		3AA9D6F9208E47A0009F24F4 /* Debug */ = {
			isa = XCBuildConfiguration;
			buildSettings = {
				ALWAYS_EMBED_SWIFT_STANDARD_LIBRARIES = YES;
				BUNDLE_LOADER = "$(TEST_HOST)";
				CODE_SIGN_STYLE = Automatic;
				DEVELOPMENT_TEAM = JFPTT2HRK6;
				INFOPLIST_FILE = SeniorProjectTests/Info.plist;
				LD_RUNPATH_SEARCH_PATHS = (
					"$(inherited)",
					"@executable_path/Frameworks",
					"@loader_path/Frameworks",
				);
				PRODUCT_BUNDLE_IDENTIFIER = com.pcook.SeniorProjectTests;
				PRODUCT_NAME = "$(TARGET_NAME)";
				SWIFT_VERSION = 4.0;
				TARGETED_DEVICE_FAMILY = "1,2";
				TEST_HOST = "$(BUILT_PRODUCTS_DIR)/SeniorProject.app/SeniorProject";
			};
			name = Debug;
		};
		3AA9D6FA208E47A0009F24F4 /* Release */ = {
			isa = XCBuildConfiguration;
			buildSettings = {
				ALWAYS_EMBED_SWIFT_STANDARD_LIBRARIES = YES;
				BUNDLE_LOADER = "$(TEST_HOST)";
				CODE_SIGN_STYLE = Automatic;
				DEVELOPMENT_TEAM = JFPTT2HRK6;
				INFOPLIST_FILE = SeniorProjectTests/Info.plist;
				LD_RUNPATH_SEARCH_PATHS = (
					"$(inherited)",
					"@executable_path/Frameworks",
					"@loader_path/Frameworks",
				);
				PRODUCT_BUNDLE_IDENTIFIER = com.pcook.SeniorProjectTests;
				PRODUCT_NAME = "$(TARGET_NAME)";
				SWIFT_VERSION = 4.0;
				TARGETED_DEVICE_FAMILY = "1,2";
				TEST_HOST = "$(BUILT_PRODUCTS_DIR)/SeniorProject.app/SeniorProject";
			};
			name = Release;
		};
		3AA9D6FC208E47A0009F24F4 /* Debug */ = {
			isa = XCBuildConfiguration;
			buildSettings = {
				ALWAYS_EMBED_SWIFT_STANDARD_LIBRARIES = YES;
				CODE_SIGN_STYLE = Automatic;
				DEVELOPMENT_TEAM = JFPTT2HRK6;
				INFOPLIST_FILE = SeniorProjectUITests/Info.plist;
				LD_RUNPATH_SEARCH_PATHS = (
					"$(inherited)",
					"@executable_path/Frameworks",
					"@loader_path/Frameworks",
				);
				PRODUCT_BUNDLE_IDENTIFIER = com.pcook.SeniorProjectUITests;
				PRODUCT_NAME = "$(TARGET_NAME)";
				SWIFT_VERSION = 4.0;
				TARGETED_DEVICE_FAMILY = "1,2";
				TEST_TARGET_NAME = SeniorProject;
			};
			name = Debug;
		};
		3AA9D6FD208E47A0009F24F4 /* Release */ = {
			isa = XCBuildConfiguration;
			buildSettings = {
				ALWAYS_EMBED_SWIFT_STANDARD_LIBRARIES = YES;
				CODE_SIGN_STYLE = Automatic;
				DEVELOPMENT_TEAM = JFPTT2HRK6;
				INFOPLIST_FILE = SeniorProjectUITests/Info.plist;
				LD_RUNPATH_SEARCH_PATHS = (
					"$(inherited)",
					"@executable_path/Frameworks",
					"@loader_path/Frameworks",
				);
				PRODUCT_BUNDLE_IDENTIFIER = com.pcook.SeniorProjectUITests;
				PRODUCT_NAME = "$(TARGET_NAME)";
				SWIFT_VERSION = 4.0;
				TARGETED_DEVICE_FAMILY = "1,2";
				TEST_TARGET_NAME = SeniorProject;
			};
			name = Release;
		};
/* End XCBuildConfiguration section */

/* Begin XCConfigurationList section */
		3AA9D6C8208E479F009F24F4 /* Build configuration list for PBXProject "SeniorProject" */ = {
			isa = XCConfigurationList;
			buildConfigurations = (
				3AA9D6F3208E47A0009F24F4 /* Debug */,
				3AA9D6F4208E47A0009F24F4 /* Release */,
			);
			defaultConfigurationIsVisible = 0;
			defaultConfigurationName = Release;
		};
		3AA9D6F5208E47A0009F24F4 /* Build configuration list for PBXNativeTarget "SeniorProject" */ = {
			isa = XCConfigurationList;
			buildConfigurations = (
				3AA9D6F6208E47A0009F24F4 /* Debug */,
				3AA9D6F7208E47A0009F24F4 /* Release */,
			);
			defaultConfigurationIsVisible = 0;
			defaultConfigurationName = Release;
		};
		3AA9D6F8208E47A0009F24F4 /* Build configuration list for PBXNativeTarget "SeniorProjectTests" */ = {
			isa = XCConfigurationList;
			buildConfigurations = (
				3AA9D6F9208E47A0009F24F4 /* Debug */,
				3AA9D6FA208E47A0009F24F4 /* Release */,
			);
			defaultConfigurationIsVisible = 0;
			defaultConfigurationName = Release;
		};
		3AA9D6FB208E47A0009F24F4 /* Build configuration list for PBXNativeTarget "SeniorProjectUITests" */ = {
			isa = XCConfigurationList;
			buildConfigurations = (
				3AA9D6FC208E47A0009F24F4 /* Debug */,
				3AA9D6FD208E47A0009F24F4 /* Release */,
			);
			defaultConfigurationIsVisible = 0;
			defaultConfigurationName = Release;
		};
/* End XCConfigurationList section */
	};
	rootObject = 3AA9D6C5208E479F009F24F4 /* Project object */;
}
